
Microsoft Visual Studio Solution File, Format Version 12.00
# Visual Studio 15
VisualStudioVersion = 15.0.28307.168
MinimumVisualStudioVersion = 10.0.40219.1
Project("{FAE04EC0-301F-11D3-BF4B-00C04F79EFBC}") = "sampos.WebApp", "source\sampos.WebApp.csproj", "{6874F745-CA15-46C8-BF92-648C65D230E4}"
EndProject
Global
	GlobalSection(SolutionConfigurationPlatforms) = preSolution
		Debug|Any CPU = Debug|Any CPU
		Release|Any CPU = Release|Any CPU
	EndGlobalSection
	GlobalSection(ProjectConfigurationPlatforms) = postSolution
		{6874F745-CA15-46C8-BF92-648C65D230E4}.Debug|Any CPU.ActiveCfg = Debug|Any CPU
		{6874F745-CA15-46C8-BF92-648C65D230E4}.Release|Any CPU.ActiveCfg = Release|Any CPU
	EndGlobalSection
	GlobalSection(SolutionProperties) = preSolution
		HideSolutionNode = FALSE
	EndGlobalSection
	GlobalSection(ExtensibilityGlobals) = postSolution
		SolutionGuid = {A0F077D2-B4DE-4134-8A9B-0107550C8725}
	EndGlobalSection
EndGlobal
